# This file is automatically @generated by Cargo.
# It is not intended for manual editing.
version = 3

[[package]]
name = "ascii"
version = "1.1.0"
source = "registry+https://github.com/rust-lang/crates.io-index"
checksum = "d92bec98840b8f03a5ff5413de5293bfcd8bf96467cf5452609f939ec6f5de16"

[[package]]
name = "change-detection"
version = "1.2.0"
source = "registry+https://github.com/rust-lang/crates.io-index"
checksum = "159fa412eae48a1d94d0b9ecdb85c97ce56eb2a347c62394d3fdbf221adabc1a"
dependencies = [
 "path-matchers",
 "path-slash",
]

[[package]]
name = "chunked_transfer"
version = "1.5.0"
source = "registry+https://github.com/rust-lang/crates.io-index"
checksum = "6e4de3bc4ea267985becf712dc6d9eed8b04c953b3fcfb339ebc87acd9804901"

[[package]]
name = "glob"
version = "0.3.2"
source = "registry+https://github.com/rust-lang/crates.io-index"
checksum = "a8d1add55171497b4705a648c6b583acafb01d58050a51727785f0b2c8e0a2b2"

[[package]]
name = "httpdate"
version = "1.0.3"
source = "registry+https://github.com/rust-lang/crates.io-index"
checksum = "df3b46402a9d5adb4c86a0cf463f42e19994e3ee891101b1841f30a545cb49a9"

[[package]]
name = "log"
version = "0.4.27"
source = "registry+https://github.com/rust-lang/crates.io-index"
checksum = "13dc2df351e3202783a1fe0d44375f7295ffb4049267b0f3018346dc122a1d94"

[[package]]
name = "mime"
version = "0.3.17"
source = "registry+https://github.com/rust-lang/crates.io-index"
checksum = "6877bb514081ee2a7ff5ef9de3281f14a4dd4bceac4c09388074a6b5df8a139a"

[[package]]
name = "mime_guess"
version = "2.0.5"
source = "registry+https://github.com/rust-lang/crates.io-index"
checksum = "f7c44f8e672c00fe5308fa235f821cb4198414e1c77935c1ab6948d3fd78550e"
dependencies = [
 "mime",
 "unicase",
]

[[package]]
name = "path-matchers"
version = "1.0.2"
source = "registry+https://github.com/rust-lang/crates.io-index"
checksum = "36cd9b72a47679ec193a5f0229d9ab686b7bd45e1fbc59ccf953c9f3d83f7b2b"
dependencies = [
 "glob",
]

[[package]]
name = "path-slash"
version = "0.1.5"
source = "registry+https://github.com/rust-lang/crates.io-index"
checksum = "498a099351efa4becc6a19c72aa9270598e8fd274ca47052e37455241c88b696"

[[package]]
name = "static-files"
version = "0.2.4"
source = "registry+https://github.com/rust-lang/crates.io-index"
checksum = "4e8590e848e1c53be9258210bcd4a8f4118e08988f03a4e2d63b62e4ad9f7ced"
dependencies = [
 "change-detection",
 "mime_guess",
 "path-slash",
]

[[package]]
name = "tiny_http"
version = "0.12.0"
source = "registry+https://github.com/rust-lang/crates.io-index"
checksum = "389915df6413a2e74fb181895f933386023c71110878cd0825588928e64cdc82"
dependencies = [
 "ascii",
 "chunked_transfer",
 "httpdate",
 "log",
]

[[package]]
name = "traits"
version = "0.1.0"
dependencies = [
 "static-files",
 "tiny_http",
]

[[package]]
name = "unicase"
version = "2.8.1"
source = "registry+https://github.com/rust-lang/crates.io-index"
checksum = "75b844d17643ee918803943289730bec8aac480150456169e647ed0b576ba539"
